
Microsoft Visual Studio Solution File, Format Version 12.00
# Visual Studio Version 16
VisualStudioVersion = 16.0.30717.126
MinimumVisualStudioVersion = 10.0.40219.1
Project("{FAE04EC0-301F-11D3-BF4B-00C04F79EFBC}") = "AcueductoServidor.Interfaz", "AcuedutoServidor.Interfaz\AcueductoServidor.Interfaz.csproj", "{368207C4-B691-4BD5-8050-2C12EAD97B88}"
	ProjectSection(ProjectDependencies) = postProject
		{BBAD022C-BC17-45B8-8EC6-CE0F34559E0F} = {BBAD022C-BC17-45B8-8EC6-CE0F34559E0F}
		{DB5848E3-8D2B-4174-BCCC-D81690C50530} = {DB5848E3-8D2B-4174-BCCC-D81690C50530}
	EndProjectSection
EndProject
Project("{FAE04EC0-301F-11D3-BF4B-00C04F79EFBC}") = "AcueductoCliente.Interfaz", "AcueductoCliente.Interfaz\AcueductoCliente.Interfaz.csproj", "{A66FBAE1-7B93-4F57-B4A4-1616DEE9531A}"
	ProjectSection(ProjectDependencies) = postProject
		{BBAD022C-BC17-45B8-8EC6-CE0F34559E0F} = {BBAD022C-BC17-45B8-8EC6-CE0F34559E0F}
		{368207C4-B691-4BD5-8050-2C12EAD97B88} = {368207C4-B691-4BD5-8050-2C12EAD97B88}
		{DB5848E3-8D2B-4174-BCCC-D81690C50530} = {DB5848E3-8D2B-4174-BCCC-D81690C50530}
	EndProjectSection
EndProject
Project("{FAE04EC0-301F-11D3-BF4B-00C04F79EFBC}") = "AcueductoServidor.Entidades", "AcueductoServidor.Entidades\AcueductoServidor.Entidades.csproj", "{BBAD022C-BC17-45B8-8EC6-CE0F34559E0F}"
EndProject
Project("{FAE04EC0-301F-11D3-BF4B-00C04F79EFBC}") = "Principal", "Principal\Principal.csproj", "{A923E09B-490C-47A8-8E33-D437DF0B0BEE}"
EndProject
Project("{FAE04EC0-301F-11D3-BF4B-00C04F79EFBC}") = "Mensajes", "Mensajes\Mensajes.csproj", "{EAE6AC1C-8A8D-4F7C-831D-E0E8806D7DC3}"
EndProject
Project("{FAE04EC0-301F-11D3-BF4B-00C04F79EFBC}") = "ProyectoFinal", "PruebaConexion\ProyectoFinal.csproj", "{DB5848E3-8D2B-4174-BCCC-D81690C50530}"
EndProject
Project("{9A19103F-16F7-4668-BE54-9A1E7A4F7556}") = "Tarea1", "Tarea1-DanielBarrantesGonzalez\Tarea1.csproj", "{7CE54287-0A3C-4A50-8954-6A2C87FF4502}"
EndProject
Global
	GlobalSection(SolutionConfigurationPlatforms) = preSolution
		Debug|Any CPU = Debug|Any CPU
		Release|Any CPU = Release|Any CPU
	EndGlobalSection
	GlobalSection(ProjectConfigurationPlatforms) = postSolution
		{368207C4-B691-4BD5-8050-2C12EAD97B88}.Debug|Any CPU.ActiveCfg = Debug|Any CPU
		{368207C4-B691-4BD5-8050-2C12EAD97B88}.Debug|Any CPU.Build.0 = Debug|Any CPU
		{368207C4-B691-4BD5-8050-2C12EAD97B88}.Release|Any CPU.ActiveCfg = Release|Any CPU
		{368207C4-B691-4BD5-8050-2C12EAD97B88}.Release|Any CPU.Build.0 = Release|Any CPU
		{A66FBAE1-7B93-4F57-B4A4-1616DEE9531A}.Debug|Any CPU.ActiveCfg = Debug|Any CPU
		{A66FBAE1-7B93-4F57-B4A4-1616DEE9531A}.Debug|Any CPU.Build.0 = Debug|Any CPU
		{A66FBAE1-7B93-4F57-B4A4-1616DEE9531A}.Release|Any CPU.ActiveCfg = Release|Any CPU
		{A66FBAE1-7B93-4F57-B4A4-1616DEE9531A}.Release|Any CPU.Build.0 = Release|Any CPU
		{BBAD022C-BC17-45B8-8EC6-CE0F34559E0F}.Debug|Any CPU.ActiveCfg = Debug|Any CPU
		{BBAD022C-BC17-45B8-8EC6-CE0F34559E0F}.Debug|Any CPU.Build.0 = Debug|Any CPU
		{BBAD022C-BC17-45B8-8EC6-CE0F34559E0F}.Release|Any CPU.ActiveCfg = Release|Any CPU
		{BBAD022C-BC17-45B8-8EC6-CE0F34559E0F}.Release|Any CPU.Build.0 = Release|Any CPU
		{A923E09B-490C-47A8-8E33-D437DF0B0BEE}.Debug|Any CPU.ActiveCfg = Debug|Any CPU
		{A923E09B-490C-47A8-8E33-D437DF0B0BEE}.Debug|Any CPU.Build.0 = Debug|Any CPU
		{A923E09B-490C-47A8-8E33-D437DF0B0BEE}.Release|Any CPU.ActiveCfg = Release|Any CPU
		{A923E09B-490C-47A8-8E33-D437DF0B0BEE}.Release|Any CPU.Build.0 = Release|Any CPU
		{EAE6AC1C-8A8D-4F7C-831D-E0E8806D7DC3}.Debug|Any CPU.ActiveCfg = Debug|Any CPU
		{EAE6AC1C-8A8D-4F7C-831D-E0E8806D7DC3}.Debug|Any CPU.Build.0 = Debug|Any CPU
		{EAE6AC1C-8A8D-4F7C-831D-E0E8806D7DC3}.Release|Any CPU.ActiveCfg = Release|Any CPU
		{EAE6AC1C-8A8D-4F7C-831D-E0E8806D7DC3}.Release|Any CPU.Build.0 = Release|Any CPU
		{DB5848E3-8D2B-4174-BCCC-D81690C50530}.Debug|Any CPU.ActiveCfg = Debug|Any CPU
		{DB5848E3-8D2B-4174-BCCC-D81690C50530}.Debug|Any CPU.Build.0 = Debug|Any CPU
		{DB5848E3-8D2B-4174-BCCC-D81690C50530}.Release|Any CPU.ActiveCfg = Release|Any CPU
		{DB5848E3-8D2B-4174-BCCC-D81690C50530}.Release|Any CPU.Build.0 = Release|Any CPU
		{7CE54287-0A3C-4A50-8954-6A2C87FF4502}.Debug|Any CPU.ActiveCfg = Debug|Any CPU
		{7CE54287-0A3C-4A50-8954-6A2C87FF4502}.Debug|Any CPU.Build.0 = Debug|Any CPU
		{7CE54287-0A3C-4A50-8954-6A2C87FF4502}.Release|Any CPU.ActiveCfg = Release|Any CPU
		{7CE54287-0A3C-4A50-8954-6A2C87FF4502}.Release|Any CPU.Build.0 = Release|Any CPU
	EndGlobalSection
	GlobalSection(SolutionProperties) = preSolution
		HideSolutionNode = FALSE
	EndGlobalSection
	GlobalSection(ExtensibilityGlobals) = postSolution
		SolutionGuid = {622CB177-F6CF-479E-9587-D6FA9AD6A460}
	EndGlobalSection
EndGlobal
